
Microsoft Visual Studio Solution File, Format Version 12.00
# Visual Studio Version 17
VisualStudioVersion = 17.14.36518.9 d17.14
MinimumVisualStudioVersion = 10.0.40219.1
Project("{FAE04EC0-301F-11D3-BF4B-00C04F79EFBC}") = "Module6Assignment", "Module6Assignment\Module6Assignment.csproj", "{7E0B1D5D-7BAB-40FB-9E6A-FD6102865713}"
EndProject
Global
	GlobalSection(SolutionConfigurationPlatforms) = preSolution
		Debug|Any CPU = Debug|Any CPU
		Release|Any CPU = Release|Any CPU
	EndGlobalSection
	GlobalSection(ProjectConfigurationPlatforms) = postSolution
		{7E0B1D5D-7BAB-40FB-9E6A-FD6102865713}.Debug|Any CPU.ActiveCfg = Debug|Any CPU
		{7E0B1D5D-7BAB-40FB-9E6A-FD6102865713}.Debug|Any CPU.Build.0 = Debug|Any CPU
		{7E0B1D5D-7BAB-40FB-9E6A-FD6102865713}.Release|Any CPU.ActiveCfg = Release|Any CPU
		{7E0B1D5D-7BAB-40FB-9E6A-FD6102865713}.Release|Any CPU.Build.0 = Release|Any CPU
	EndGlobalSection
	GlobalSection(SolutionProperties) = preSolution
		HideSolutionNode = FALSE
	EndGlobalSection
	GlobalSection(ExtensibilityGlobals) = postSolution
		SolutionGuid = {1A9C93D1-9E4C-4B8C-9AC9-93F4B7157362}
	EndGlobalSection
EndGlobal
